// !$*UTF8*$!
{
	archiveVersion = 1;
	classes = {
	};
	objectVersion = 50;
	objects = {

/* Begin PBXBuildFile section */
		BF660FF721C43D9200F0AC1E /* InternetDetailViewController.swift in Sources */ = {isa = PBXBuildFile; fileRef = BF660FF621C43D9200F0AC1E /* InternetDetailViewController.swift */; };
		BF660FF921C4455C00F0AC1E /* InternetMasterViewController.swift in Sources */ = {isa = PBXBuildFile; fileRef = BF660FF821C4455C00F0AC1E /* InternetMasterViewController.swift */; };
		BFC16EEA21C1AC0900FBFA1A /* AppDelegate.swift in Sources */ = {isa = PBXBuildFile; fileRef = BFC16EE921C1AC0900FBFA1A /* AppDelegate.swift */; };
		BFC16EEF21C1AC0900FBFA1A /* Main.storyboard in Resources */ = {isa = PBXBuildFile; fileRef = BFC16EED21C1AC0900FBFA1A /* Main.storyboard */; };
		BFC16EF121C1AC1700FBFA1A /* Assets.xcassets in Resources */ = {isa = PBXBuildFile; fileRef = BFC16EF021C1AC1700FBFA1A /* Assets.xcassets */; };
		BFC16EF421C1AC1700FBFA1A /* LaunchScreen.storyboard in Resources */ = {isa = PBXBuildFile; fileRef = BFC16EF221C1AC1700FBFA1A /* LaunchScreen.storyboard */; };
/* End PBXBuildFile section */

/* Begin PBXFileReference section */
		BF660FF621C43D9200F0AC1E /* InternetDetailViewController.swift */ = {isa = PBXFileReference; lastKnownFileType = sourcecode.swift; path = InternetDetailViewController.swift; sourceTree = "<group>"; };
		BF660FF821C4455C00F0AC1E /* InternetMasterViewController.swift */ = {isa = PBXFileReference; lastKnownFileType = sourcecode.swift; path = InternetMasterViewController.swift; sourceTree = "<group>"; };
		BFC16EE621C1AC0900FBFA1A /* InternetProject.app */ = {isa = PBXFileReference; explicitFileType = wrapper.application; includeInIndex = 0; path = InternetProject.app; sourceTree = BUILT_PRODUCTS_DIR; };
		BFC16EE921C1AC0900FBFA1A /* AppDelegate.swift */ = {isa = PBXFileReference; lastKnownFileType = sourcecode.swift; path = AppDelegate.swift; sourceTree = "<group>"; };
		BFC16EEE21C1AC0900FBFA1A /* Base */ = {isa = PBXFileReference; lastKnownFileType = file.storyboard; name = Base; path = Base.lproj/Main.storyboard; sourceTree = "<group>"; };
		BFC16EF021C1AC1700FBFA1A /* Assets.xcassets */ = {isa = PBXFileReference; lastKnownFileType = folder.assetcatalog; path = Assets.xcassets; sourceTree = "<group>"; };
		BFC16EF321C1AC1700FBFA1A /* Base */ = {isa = PBXFileReference; lastKnownFileType = file.storyboard; name = Base; path = Base.lproj/LaunchScreen.storyboard; sourceTree = "<group>"; };
		BFC16EF521C1AC1700FBFA1A /* Info.plist */ = {isa = PBXFileReference; lastKnownFileType = text.plist.xml; path = Info.plist; sourceTree = "<group>"; };
/* End PBXFileReference section */

/* Begin PBXFrameworksBuildPhase section */
		BFC16EE321C1AC0900FBFA1A /* Frameworks */ = {
			isa = PBXFrameworksBuildPhase;
			buildActionMask = 2147483647;
			files = (
			);
			runOnlyForDeploymentPostprocessing = 0;
		};
/* End PBXFrameworksBuildPhase section */

/* Begin PBXGroup section */
		BFC16EDD21C1AC0900FBFA1A = {
			isa = PBXGroup;
			children = (
				BFC16EE821C1AC0900FBFA1A /* InternetProject */,
				BFC16EE721C1AC0900FBFA1A /* Products */,
			);
			sourceTree = "<group>";
		};
		BFC16EE721C1AC0900FBFA1A /* Products */ = {
			isa = PBXGroup;
			children = (
				BFC16EE621C1AC0900FBFA1A /* InternetProject.app */,
			);
			name = Products;
			sourceTree = "<group>";
		};
		BFC16EE821C1AC0900FBFA1A /* InternetProject */ = {
			isa = PBXGroup;
			children = (
				BFC16EFB21C1AC6000FBFA1A /* Resources */,
				BFC16EFD21C1AC7900FBFA1A /* Controller */,
				BFC16EFC21C1AC7000FBFA1A /* View */,
			);
			path = InternetProject;
			sourceTree = "<group>";
		};
		BFC16EFB21C1AC6000FBFA1A /* Resources */ = {
			isa = PBXGroup;
			children = (
				BFC16EE921C1AC0900FBFA1A /* AppDelegate.swift */,
				BFC16EF021C1AC1700FBFA1A /* Assets.xcassets */,
				BFC16EF521C1AC1700FBFA1A /* Info.plist */,
			);
			path = Resources;
			sourceTree = "<group>";
		};
		BFC16EFC21C1AC7000FBFA1A /* View */ = {
			isa = PBXGroup;
			children = (
				BFC16EED21C1AC0900FBFA1A /* Main.storyboard */,
				BFC16EF221C1AC1700FBFA1A /* LaunchScreen.storyboard */,
			);
			path = View;
			sourceTree = "<group>";
		};
		BFC16EFD21C1AC7900FBFA1A /* Controller */ = {
			isa = PBXGroup;
			children = (
				BF660FF621C43D9200F0AC1E /* InternetDetailViewController.swift */,
				BF660FF821C4455C00F0AC1E /* InternetMasterViewController.swift */,
			);
			path = Controller;
			sourceTree = "<group>";
		};
/* End PBXGroup section */

/* Begin PBXNativeTarget section */
		BFC16EE521C1AC0900FBFA1A /* InternetProject */ = {
			isa = PBXNativeTarget;
			buildConfigurationList = BFC16EF821C1AC1700FBFA1A /* Build configuration list for PBXNativeTarget "InternetProject" */;
			buildPhases = (
				BFC16EE221C1AC0900FBFA1A /* Sources */,
				BFC16EE321C1AC0900FBFA1A /* Frameworks */,
				BFC16EE421C1AC0900FBFA1A /* Resources */,
			);
			buildRules = (
			);
			dependencies = (
			);
			name = InternetProject;
			productName = InternetProject;
			productReference = BFC16EE621C1AC0900FBFA1A /* InternetProject.app */;
			productType = "com.apple.product-type.application";
		};
/* End PBXNativeTarget section */

/* Begin PBXProject section */
		BFC16EDE21C1AC0900FBFA1A /* Project object */ = {
			isa = PBXProject;
			attributes = {
				LastSwiftUpdateCheck = 1000;
				LastUpgradeCheck = 1000;
				ORGANIZATIONNAME = CTEC;
				TargetAttributes = {
					BFC16EE521C1AC0900FBFA1A = {
						CreatedOnToolsVersion = 10.0;
					};
				};
			};
			buildConfigurationList = BFC16EE121C1AC0900FBFA1A /* Build configuration list for PBXProject "InternetProject" */;
			compatibilityVersion = "Xcode 9.3";
			developmentRegion = en;
			hasScannedForEncodings = 0;
			knownRegions = (
				en,
				Base,
			);
			mainGroup = BFC16EDD21C1AC0900FBFA1A;
			productRefGroup = BFC16EE721C1AC0900FBFA1A /* Products */;
			projectDirPath = "";
			projectRoot = "";
			targets = (
				BFC16EE521C1AC0900FBFA1A /* InternetProject */,
			);
		};
/* End PBXProject section */

/* Begin PBXResourcesBuildPhase section */
		BFC16EE421C1AC0900FBFA1A /* Resources */ = {
			isa = PBXResourcesBuildPhase;
			buildActionMask = 2147483647;
			files = (
				BFC16EF421C1AC1700FBFA1A /* LaunchScreen.storyboard in Resources */,
				BFC16EF121C1AC1700FBFA1A /* Assets.xcassets in Resources */,
				BFC16EEF21C1AC0900FBFA1A /* Main.storyboard in Resources */,
			);
			runOnlyForDeploymentPostprocessing = 0;
		};
/* End PBXResourcesBuildPhase section */

/* Begin PBXSourcesBuildPhase section */
		BFC16EE221C1AC0900FBFA1A /* Sources */ = {
			isa = PBXSourcesBuildPhase;
			buildActionMask = 2147483647;
			files = (
				BF660FF721C43D9200F0AC1E /* InternetDetailViewController.swift in Sources */,
				BF660FF921C4455C00F0AC1E /* InternetMasterViewController.swift in Sources */,
				BFC16EEA21C1AC0900FBFA1A /* AppDelegate.swift in Sources */,
			);
			runOnlyForDeploymentPostprocessing = 0;
		};
/* End PBXSourcesBuildPhase section */

/* Begin PBXVariantGroup section */
		BFC16EED21C1AC0900FBFA1A /* Main.storyboard */ = {
			isa = PBXVariantGroup;
			children = (
				BFC16EEE21C1AC0900FBFA1A /* Base */,
			);
			name = Main.storyboard;
			sourceTree = "<group>";
		};
		BFC16EF221C1AC1700FBFA1A /* LaunchScreen.storyboard */ = {
			isa = PBXVariantGroup;
			children = (
				BFC16EF321C1AC1700FBFA1A /* Base */,
			);
			name = LaunchScreen.storyboard;
			sourceTree = "<group>";
		};
/* End PBXVariantGroup section */

/* Begin XCBuildConfiguration section */
		BFC16EF621C1AC1700FBFA1A /* Debug */ = {
			isa = XCBuildConfiguration;
			buildSettings = {
				ALWAYS_SEARCH_USER_PATHS = NO;
				CLANG_ANALYZER_NONNULL = YES;
				CLANG_ANALYZER_NUMBER_OBJECT_CONVERSION = YES_AGGRESSIVE;
				CLANG_CXX_LANGUAGE_STANDARD = "gnu++14";
				CLANG_CXX_LIBRARY = "libc++";
				CLANG_ENABLE_MODULES = YES;
				CLANG_ENABLE_OBJC_ARC = YES;
				CLANG_ENABLE_OBJC_WEAK = YES;
				CLANG_WARN_BLOCK_CAPTURE_AUTORELEASING = YES;
				CLANG_WARN_BOOL_CONVERSION = YES;
				CLANG_WARN_COMMA = YES;
				CLANG_WARN_CONSTANT_CONVERSION = YES;
				CLANG_WARN_DEPRECATED_OBJC_IMPLEMENTATIONS = YES;
				CLANG_WARN_DIRECT_OBJC_ISA_USAGE = YES_ERROR;
				CLANG_WARN_DOCUMENTATION_COMMENTS = YES;
				CLANG_WARN_EMPTY_BODY = YES;
				CLANG_WARN_ENUM_CONVERSION = YES;
				CLANG_WARN_INFINITE_RECURSION = YES;
				CLANG_WARN_INT_CONVERSION = YES;
				CLANG_WARN_NON_LITERAL_NULL_CONVERSION = YES;
				CLANG_WARN_OBJC_IMPLICIT_RETAIN_SELF = YES;
				CLANG_WARN_OBJC_LITERAL_CONVERSION = YES;
				CLANG_WARN_OBJC_ROOT_CLASS = YES_ERROR;
				CLANG_WARN_RANGE_LOOP_ANALYSIS = YES;
				CLANG_WARN_STRICT_PROTOTYPES = YES;
				CLANG_WARN_SUSPICIOUS_MOVE = YES;
				CLANG_WARN_UNGUARDED_AVAILABILITY = YES_AGGRESSIVE;
				CLANG_WARN_UNREACHABLE_CODE = YES;
				CLANG_WARN__DUPLICATE_METHOD_MATCH = YES;
				CODE_SIGN_IDENTITY = "iPhone Developer";
				COPY_PHASE_STRIP = NO;
				DEBUG_INFORMATION_FORMAT = dwarf;
				ENABLE_STRICT_OBJC_MSGSEND = YES;
				ENABLE_TESTABILITY = YES;
				GCC_C_LANGUAGE_STANDARD = gnu11;
				GCC_DYNAMIC_NO_PIC = NO;
				GCC_NO_COMMON_BLOCKS = YES;
				GCC_OPTIMIZATION_LEVEL = 0;
				GCC_PREPROCESSOR_DEFINITIONS = (
					"DEBUG=1",
					"$(inherited)",
				);
				GCC_WARN_64_TO_32_BIT_CONVERSION = YES;
				GCC_WARN_ABOUT_RETURN_TYPE = YES_ERROR;
				GCC_WARN_UNDECLARED_SELECTOR = YES;
				GCC_WARN_UNINITIALIZED_AUTOS = YES_AGGRESSIVE;
				GCC_WARN_UNUSED_FUNCTION = YES;
				GCC_WARN_UNUSED_VARIABLE = YES;
				IPHONEOS_DEPLOYMENT_TARGET = 12.0;
				MTL_ENABLE_DEBUG_INFO = INCLUDE_SOURCE;
				MTL_FAST_MATH = YES;
				ONLY_ACTIVE_ARCH = YES;
				SDKROOT = iphoneos;
				SWIFT_ACTIVE_COMPILATION_CONDITIONS = DEBUG;
				SWIFT_OPTIMIZATION_LEVEL = "-Onone";
			};
			name = Debug;
		};
		BFC16EF721C1AC1700FBFA1A /* Release */ = {
			isa = XCBuildConfiguration;
			buildSettings = {
				ALWAYS_SEARCH_USER_PATHS = NO;
				CLANG_ANALYZER_NONNULL = YES;
				CLANG_ANALYZER_NUMBER_OBJECT_CONVERSION = YES_AGGRESSIVE;
				CLANG_CXX_LANGUAGE_STANDARD = "gnu++14";
				CLANG_CXX_LIBRARY = "libc++";
				CLANG_ENABLE_MODULES = YES;
				CLANG_ENABLE_OBJC_ARC = YES;
				CLANG_ENABLE_OBJC_WEAK = YES;
				CLANG_WARN_BLOCK_CAPTURE_AUTORELEASING = YES;
				CLANG_WARN_BOOL_CONVERSION = YES;
				CLANG_WARN_COMMA = YES;
				CLANG_WARN_CONSTANT_CONVERSION = YES;
				CLANG_WARN_DEPRECATED_OBJC_IMPLEMENTATIONS = YES;
				CLANG_WARN_DIRECT_OBJC_ISA_USAGE = YES_ERROR;
				CLANG_WARN_DOCUMENTATION_COMMENTS = YES;
				CLANG_WARN_EMPTY_BODY = YES;
				CLANG_WARN_ENUM_CONVERSION = YES;
				CLANG_WARN_INFINITE_RECURSION = YES;
				CLANG_WARN_INT_CONVERSION = YES;
				CLANG_WARN_NON_LITERAL_NULL_CONVERSION = YES;
				CLANG_WARN_OBJC_IMPLICIT_RETAIN_SELF = YES;
				CLANG_WARN_OBJC_LITERAL_CONVERSION = YES;
				CLANG_WARN_OBJC_ROOT_CLASS = YES_ERROR;
				CLANG_WARN_RANGE_LOOP_ANALYSIS = YES;
				CLANG_WARN_STRICT_PROTOTYPES = YES;
				CLANG_WARN_SUSPICIOUS_MOVE = YES;
				CLANG_WARN_UNGUARDED_AVAILABILITY = YES_AGGRESSIVE;
				CLANG_WARN_UNREACHABLE_CODE = YES;
				CLANG_WARN__DUPLICATE_METHOD_MATCH = YES;
				CODE_SIGN_IDENTITY = "iPhone Developer";
				COPY_PHASE_STRIP = NO;
				DEBUG_INFORMATION_FORMAT = "dwarf-with-dsym";
				ENABLE_NS_ASSERTIONS = NO;
				ENABLE_STRICT_OBJC_MSGSEND = YES;
				GCC_C_LANGUAGE_STANDARD = gnu11;
				GCC_NO_COMMON_BLOCKS = YES;
				GCC_WARN_64_TO_32_BIT_CONVERSION = YES;
				GCC_WARN_ABOUT_RETURN_TYPE = YES_ERROR;
				GCC_WARN_UNDECLARED_SELECTOR = YES;
				GCC_WARN_UNINITIALIZED_AUTOS = YES_AGGRESSIVE;
				GCC_WARN_UNUSED_FUNCTION = YES;
				GCC_WARN_UNUSED_VARIABLE = YES;
				IPHONEOS_DEPLOYMENT_TARGET = 12.0;
				MTL_ENABLE_DEBUG_INFO = NO;
				MTL_FAST_MATH = YES;
				SDKROOT = iphoneos;
				SWIFT_COMPILATION_MODE = wholemodule;
				SWIFT_OPTIMIZATION_LEVEL = "-O";
				VALIDATE_PRODUCT = YES;
			};
			name = Release;
		};
		BFC16EF921C1AC1700FBFA1A /* Debug */ = {
			isa = XCBuildConfiguration;
			buildSettings = {
				ASSETCATALOG_COMPILER_APPICON_NAME = AppIcon;
				CODE_SIGN_STYLE = Automatic;
				INFOPLIST_FILE = "$(SRCROOT)/InternetProject/Resources/Info.plist";
				LD_RUNPATH_SEARCH_PATHS = (
					"$(inherited)",
					"@executable_path/Frameworks",
				);
				PRODUCT_BUNDLE_IDENTIFIER = CTEC.InternetProject;
				PRODUCT_NAME = "$(TARGET_NAME)";
				SWIFT_VERSION = 4.2;
				TARGETED_DEVICE_FAMILY = "1,2";
			};
			name = Debug;
		};
		BFC16EFA21C1AC1700FBFA1A /* Release */ = {
			isa = XCBuildConfiguration;
			buildSettings = {
				ASSETCATALOG_COMPILER_APPICON_NAME = AppIcon;
				CODE_SIGN_STYLE = Automatic;
				INFOPLIST_FILE = "$(SRCROOT)/InternetProject/Resources/Info.plist";
				LD_RUNPATH_SEARCH_PATHS = (
					"$(inherited)",
					"@executable_path/Frameworks",
				);
				PRODUCT_BUNDLE_IDENTIFIER = CTEC.InternetProject;
				PRODUCT_NAME = "$(TARGET_NAME)";
				SWIFT_VERSION = 4.2;
				TARGETED_DEVICE_FAMILY = "1,2";
			};
			name = Release;
		};
/* End XCBuildConfiguration section */

/* Begin XCConfigurationList section */
		BFC16EE121C1AC0900FBFA1A /* Build configuration list for PBXProject "InternetProject" */ = {
			isa = XCConfigurationList;
			buildConfigurations = (
				BFC16EF621C1AC1700FBFA1A /* Debug */,
				BFC16EF721C1AC1700FBFA1A /* Release */,
			);
			defaultConfigurationIsVisible = 0;
			defaultConfigurationName = Release;
		};
		BFC16EF821C1AC1700FBFA1A /* Build configuration list for PBXNativeTarget "InternetProject" */ = {
			isa = XCConfigurationList;
			buildConfigurations = (
				BFC16EF921C1AC1700FBFA1A /* Debug */,
				BFC16EFA21C1AC1700FBFA1A /* Release */,
			);
			defaultConfigurationIsVisible = 0;
			defaultConfigurationName = Release;
		};
/* End XCConfigurationList section */
	};
	rootObject = BFC16EDE21C1AC0900FBFA1A /* Project object */;
}
